Microsoft Visual Studio Solution File, Format Version 12.00
# Visual Studio Version 17
VisualStudioVersion = 17.5.2.0
MinimumVisualStudioVersion = 10.0.40219.1
Project("{FAE04EC0-301F-11D3-BF4B-00C04F79EFBC}") = "DocSharp.Common", "DocSharp.Common.csproj", "{DE3B6A55-9DAF-978D-2C83-7815C0CC9CCE}"
EndProject
Global
	GlobalSection(SolutionConfigurationPlatforms) = preSolution
		Debug|Any CPU = Debug|Any CPU
		Release|Any CPU = Release|Any CPU
	EndGlobalSection
	GlobalSection(ProjectConfigurationPlatforms) = postSolution
		{DE3B6A55-9DAF-978D-2C83-7815C0CC9CCE}.Debug|Any CPU.ActiveCfg = Debug|Any CPU
		{DE3B6A55-9DAF-978D-2C83-7815C0CC9CCE}.Debug|Any CPU.Build.0 = Debug|Any CPU
		{DE3B6A55-9DAF-978D-2C83-7815C0CC9CCE}.Release|Any CPU.ActiveCfg = Release|Any CPU
		{DE3B6A55-9DAF-978D-2C83-7815C0CC9CCE}.Release|Any CPU.Build.0 = Release|Any CPU
	EndGlobalSection
	GlobalSection(SolutionProperties) = preSolution
		HideSolutionNode = FALSE
	EndGlobalSection
	GlobalSection(ExtensibilityGlobals) = postSolution
		SolutionGuid = {A0BA6EEF-E9A1-4CA2-BFCB-13CB66600A60}
	EndGlobalSection
EndGlobal
