Microsoft Visual Studio Solution File, Format Version 12.00
# Visual Studio Version 17
VisualStudioVersion = 17.10.35431.56
MinimumVisualStudioVersion = 10.0.40219.1
Project("{2150E333-8FDC-42A3-9474-1A3956D46DE8}") = "DocSharp.Binary", "DocSharp.Binary", "{C9824610-1947-4901-A29A-32A29E081568}"
EndProject
Project("{9A19103F-16F7-4668-BE54-9A1E7A4F7556}") = "DocSharp.Binary.Common", "DocSharp.Binary\DocSharp.Binary.Common\DocSharp.Binary.Common.csproj", "{78726ECC-48FE-4258-B49F-738BEB7ACB78}"
EndProject
Project("{9A19103F-16F7-4668-BE54-9A1E7A4F7556}") = "DocSharp.Binary.Doc", "DocSharp.Binary\DocSharp.Binary.Doc\DocSharp.Binary.Doc.csproj", "{32D22261-6D2A-4964-BC1B-301DAD591C92}"
EndProject
Project("{9A19103F-16F7-4668-BE54-9A1E7A4F7556}") = "DocSharp.Binary.Xls", "DocSharp.Binary\DocSharp.Binary.Xls\DocSharp.Binary.Xls.csproj", "{07464BE5-0B31-4180-897A-B2630C102CA2}"
EndProject
Project("{9A19103F-16F7-4668-BE54-9A1E7A4F7556}") = "DocSharp.Binary.Ppt", "DocSharp.Binary\DocSharp.Binary.Ppt\DocSharp.Binary.Ppt.csproj", "{6329AD0D-68E2-438A-B73B-BC5003EB9765}"
EndProject
Project("{2150E333-8FDC-42A3-9474-1A3956D46DE8}") = "Solution items", "Solution items", "{EE9BC5FA-5C1C-48ED-88FF-871018D08DD2}"
	ProjectSection(SolutionItems) = preProject
		..\.editorconfig = ..\.editorconfig
		..\.gitignore = ..\.gitignore
		Directory.Build.props = Directory.Build.props
		..\LICENSE.txt = ..\LICENSE.txt
		..\README.md = ..\README.md
	EndProjectSection
EndProject
Project("{9A19103F-16F7-4668-BE54-9A1E7A4F7556}") = "DocSharp.Common", "DocSharp.Common\DocSharp.Common.csproj", "{3204B129-A408-437A-A69F-6B8BC5210A14}"
EndProject
Project("{9A19103F-16F7-4668-BE54-9A1E7A4F7556}") = "DocSharp.Markdown", "DocSharp.Markdown\DocSharp.Markdown.csproj", "{3136E496-6EB0-4098-97D4-C771D772CAE2}"
EndProject
Project("{9A19103F-16F7-4668-BE54-9A1E7A4F7556}") = "DocSharp.Docx", "DocSharp.Docx\DocSharp.Docx.csproj", "{07194405-C613-4F89-ABD4-DE4A23B786B8}"
EndProject
Project("{2150E333-8FDC-42A3-9474-1A3956D46DE8}") = "samples", "samples", "{D4B9A0DF-568D-43A8-BEFD-858AAEA41838}"
EndProject
Project("{9A19103F-16F7-4668-BE54-9A1E7A4F7556}") = "WpfApp1", "..\samples\WpfApp1\WpfApp1.csproj", "{DCE126AF-361A-47D6-A6E0-6148362B6453}"
EndProject
Global
	GlobalSection(SolutionConfigurationPlatforms) = preSolution
		Debug|Any CPU = Debug|Any CPU
		Release|Any CPU = Release|Any CPU
	EndGlobalSection
	GlobalSection(ProjectConfigurationPlatforms) = postSolution
		{78726ECC-48FE-4258-B49F-738BEB7ACB78}.Debug|Any CPU.ActiveCfg = Debug|Any CPU
		{78726ECC-48FE-4258-B49F-738BEB7ACB78}.Debug|Any CPU.Build.0 = Debug|Any CPU
		{78726ECC-48FE-4258-B49F-738BEB7ACB78}.Release|Any CPU.ActiveCfg = Release|Any CPU
		{78726ECC-48FE-4258-B49F-738BEB7ACB78}.Release|Any CPU.Build.0 = Release|Any CPU
		{32D22261-6D2A-4964-BC1B-301DAD591C92}.Debug|Any CPU.ActiveCfg = Debug|Any CPU
		{32D22261-6D2A-4964-BC1B-301DAD591C92}.Debug|Any CPU.Build.0 = Debug|Any CPU
		{32D22261-6D2A-4964-BC1B-301DAD591C92}.Release|Any CPU.ActiveCfg = Release|Any CPU
		{32D22261-6D2A-4964-BC1B-301DAD591C92}.Release|Any CPU.Build.0 = Release|Any CPU
		{07464BE5-0B31-4180-897A-B2630C102CA2}.Debug|Any CPU.ActiveCfg = Debug|Any CPU
		{07464BE5-0B31-4180-897A-B2630C102CA2}.Debug|Any CPU.Build.0 = Debug|Any CPU
		{07464BE5-0B31-4180-897A-B2630C102CA2}.Release|Any CPU.ActiveCfg = Release|Any CPU
		{07464BE5-0B31-4180-897A-B2630C102CA2}.Release|Any CPU.Build.0 = Release|Any CPU
		{6329AD0D-68E2-438A-B73B-BC5003EB9765}.Debug|Any CPU.ActiveCfg = Debug|Any CPU
		{6329AD0D-68E2-438A-B73B-BC5003EB9765}.Debug|Any CPU.Build.0 = Debug|Any CPU
		{6329AD0D-68E2-438A-B73B-BC5003EB9765}.Release|Any CPU.ActiveCfg = Release|Any CPU
		{6329AD0D-68E2-438A-B73B-BC5003EB9765}.Release|Any CPU.Build.0 = Release|Any CPU
		{3204B129-A408-437A-A69F-6B8BC5210A14}.Debug|Any CPU.ActiveCfg = Debug|Any CPU
		{3204B129-A408-437A-A69F-6B8BC5210A14}.Debug|Any CPU.Build.0 = Debug|Any CPU
		{3204B129-A408-437A-A69F-6B8BC5210A14}.Release|Any CPU.ActiveCfg = Release|Any CPU
		{3204B129-A408-437A-A69F-6B8BC5210A14}.Release|Any CPU.Build.0 = Release|Any CPU
		{3136E496-6EB0-4098-97D4-C771D772CAE2}.Debug|Any CPU.ActiveCfg = Debug|Any CPU
		{3136E496-6EB0-4098-97D4-C771D772CAE2}.Debug|Any CPU.Build.0 = Debug|Any CPU
		{3136E496-6EB0-4098-97D4-C771D772CAE2}.Release|Any CPU.ActiveCfg = Release|Any CPU
		{3136E496-6EB0-4098-97D4-C771D772CAE2}.Release|Any CPU.Build.0 = Release|Any CPU
		{07194405-C613-4F89-ABD4-DE4A23B786B8}.Debug|Any CPU.ActiveCfg = Debug|Any CPU
		{07194405-C613-4F89-ABD4-DE4A23B786B8}.Debug|Any CPU.Build.0 = Debug|Any CPU
		{07194405-C613-4F89-ABD4-DE4A23B786B8}.Release|Any CPU.ActiveCfg = Release|Any CPU
		{07194405-C613-4F89-ABD4-DE4A23B786B8}.Release|Any CPU.Build.0 = Release|Any CPU
		{DCE126AF-361A-47D6-A6E0-6148362B6453}.Debug|Any CPU.ActiveCfg = Debug|Any CPU
		{DCE126AF-361A-47D6-A6E0-6148362B6453}.Debug|Any CPU.Build.0 = Debug|Any CPU
		{DCE126AF-361A-47D6-A6E0-6148362B6453}.Release|Any CPU.ActiveCfg = Release|Any CPU
		{DCE126AF-361A-47D6-A6E0-6148362B6453}.Release|Any CPU.Build.0 = Release|Any CPU
	EndGlobalSection
	GlobalSection(SolutionProperties) = preSolution
		HideSolutionNode = FALSE
	EndGlobalSection
	GlobalSection(NestedProjects) = preSolution
		{78726ECC-48FE-4258-B49F-738BEB7ACB78} = {C9824610-1947-4901-A29A-32A29E081568}
		{32D22261-6D2A-4964-BC1B-301DAD591C92} = {C9824610-1947-4901-A29A-32A29E081568}
		{07464BE5-0B31-4180-897A-B2630C102CA2} = {C9824610-1947-4901-A29A-32A29E081568}
		{6329AD0D-68E2-438A-B73B-BC5003EB9765} = {C9824610-1947-4901-A29A-32A29E081568}
		{DCE126AF-361A-47D6-A6E0-6148362B6453} = {D4B9A0DF-568D-43A8-BEFD-858AAEA41838}
	EndGlobalSection
	GlobalSection(ExtensibilityGlobals) = postSolution
		SolutionGuid = {66D6BFB0-ECBD-49CD-B3E2-CABBD74AF79E}
	EndGlobalSection
EndGlobal
