
Microsoft Visual Studio Solution File, Format Version 12.00
# Visual Studio Version 17
VisualStudioVersion = 17.10.35431.56
MinimumVisualStudioVersion = 10.0.40219.1
Project("{9A19103F-16F7-4668-BE54-9A1E7A4F7556}") = "DocSharp.Renderer", "DocSharp.Renderer\DocSharp.Renderer.csproj", "{4BDDA04F-D6A3-488F-833D-A84962778772}"
EndProject
Project("{2150E333-8FDC-42A3-9474-1A3956D46DE8}") = "DocSharp.Binary", "DocSharp.Binary", "{C9824610-1947-4901-A29A-32A29E081568}"
EndProject
Project("{FAE04EC0-301F-11D3-BF4B-00C04F79EFBC}") = "DocSharp.Binary.Common", "DocSharp.Binary.Common\DocSharp.Binary.Common.csproj", "{78726ECC-48FE-4258-B49F-738BEB7ACB78}"
EndProject
Project("{2150E333-8FDC-42A3-9474-1A3956D46DE8}") = "Elementi di soluzione", "Elementi di soluzione", "{EE9BC5FA-5C1C-48ED-88FF-871018D08DD2}"
	ProjectSection(SolutionItems) = preProject
		..\.editorconfig = ..\.editorconfig
		..\.gitignore = ..\.gitignore
		..\LICENSE = ..\LICENSE
		..\README.md = ..\README.md
	EndProjectSection
EndProject
Project("{FAE04EC0-301F-11D3-BF4B-00C04F79EFBC}") = "DocSharp.Binary.Doc", "DocSharp.Binary.Doc\DocSharp.Binary.Doc.csproj", "{32D22261-6D2A-4964-BC1B-301DAD591C92}"
EndProject
Project("{FAE04EC0-301F-11D3-BF4B-00C04F79EFBC}") = "DocSharp.Binary.Xls", "DocSharp.Binary.Xls\DocSharp.Binary.Xls.csproj", "{07464BE5-0B31-4180-897A-B2630C102CA2}"
EndProject
Project("{FAE04EC0-301F-11D3-BF4B-00C04F79EFBC}") = "DocSharp.Binary.Ppt", "DocSharp.Binary.Ppt\DocSharp.Binary.Ppt.csproj", "{6329AD0D-68E2-438A-B73B-BC5003EB9765}"
EndProject
Global
	GlobalSection(SolutionConfigurationPlatforms) = preSolution
		Debug|Any CPU = Debug|Any CPU
		Release|Any CPU = Release|Any CPU
	EndGlobalSection
	GlobalSection(ProjectConfigurationPlatforms) = postSolution
		{4BDDA04F-D6A3-488F-833D-A84962778772}.Debug|Any CPU.ActiveCfg = Debug|Any CPU
		{4BDDA04F-D6A3-488F-833D-A84962778772}.Debug|Any CPU.Build.0 = Debug|Any CPU
		{4BDDA04F-D6A3-488F-833D-A84962778772}.Release|Any CPU.ActiveCfg = Release|Any CPU
		{4BDDA04F-D6A3-488F-833D-A84962778772}.Release|Any CPU.Build.0 = Release|Any CPU
		{78726ECC-48FE-4258-B49F-738BEB7ACB78}.Debug|Any CPU.ActiveCfg = Debug|Any CPU
		{78726ECC-48FE-4258-B49F-738BEB7ACB78}.Debug|Any CPU.Build.0 = Debug|Any CPU
		{78726ECC-48FE-4258-B49F-738BEB7ACB78}.Release|Any CPU.ActiveCfg = Release|Any CPU
		{78726ECC-48FE-4258-B49F-738BEB7ACB78}.Release|Any CPU.Build.0 = Release|Any CPU
		{32D22261-6D2A-4964-BC1B-301DAD591C92}.Debug|Any CPU.ActiveCfg = Debug|Any CPU
		{32D22261-6D2A-4964-BC1B-301DAD591C92}.Debug|Any CPU.Build.0 = Debug|Any CPU
		{32D22261-6D2A-4964-BC1B-301DAD591C92}.Release|Any CPU.ActiveCfg = Release|Any CPU
		{32D22261-6D2A-4964-BC1B-301DAD591C92}.Release|Any CPU.Build.0 = Release|Any CPU
		{07464BE5-0B31-4180-897A-B2630C102CA2}.Debug|Any CPU.ActiveCfg = Debug|Any CPU
		{07464BE5-0B31-4180-897A-B2630C102CA2}.Debug|Any CPU.Build.0 = Debug|Any CPU
		{07464BE5-0B31-4180-897A-B2630C102CA2}.Release|Any CPU.ActiveCfg = Release|Any CPU
		{07464BE5-0B31-4180-897A-B2630C102CA2}.Release|Any CPU.Build.0 = Release|Any CPU
		{6329AD0D-68E2-438A-B73B-BC5003EB9765}.Debug|Any CPU.ActiveCfg = Debug|Any CPU
		{6329AD0D-68E2-438A-B73B-BC5003EB9765}.Debug|Any CPU.Build.0 = Debug|Any CPU
		{6329AD0D-68E2-438A-B73B-BC5003EB9765}.Release|Any CPU.ActiveCfg = Release|Any CPU
		{6329AD0D-68E2-438A-B73B-BC5003EB9765}.Release|Any CPU.Build.0 = Release|Any CPU
	EndGlobalSection
	GlobalSection(SolutionProperties) = preSolution
		HideSolutionNode = FALSE
	EndGlobalSection
	GlobalSection(NestedProjects) = preSolution
		{78726ECC-48FE-4258-B49F-738BEB7ACB78} = {C9824610-1947-4901-A29A-32A29E081568}
		{32D22261-6D2A-4964-BC1B-301DAD591C92} = {C9824610-1947-4901-A29A-32A29E081568}
		{07464BE5-0B31-4180-897A-B2630C102CA2} = {C9824610-1947-4901-A29A-32A29E081568}
		{6329AD0D-68E2-438A-B73B-BC5003EB9765} = {C9824610-1947-4901-A29A-32A29E081568}
	EndGlobalSection
	GlobalSection(ExtensibilityGlobals) = postSolution
		SolutionGuid = {66D6BFB0-ECBD-49CD-B3E2-CABBD74AF79E}
	EndGlobalSection
EndGlobal
